
Microsoft Visual Studio Solution File, Format Version 12.00
# Visual Studio Version 17
VisualStudioVersion = 17.5.33516.290
MinimumVisualStudioVersion = 10.0.40219.1
Project("{9A19103F-16F7-4668-BE54-9A1E7A4F7556}") = "XmlMetadataGeneratorUI", "XmlMetadataGeneratorUI\XmlMetadataGeneratorUI.csproj", "{D3D0B2A1-D792-40DC-92CD-EF6FDBBEF04F}"
EndProject
Project("{FAE04EC0-301F-11D3-BF4B-00C04F79EFBC}") = "XmlMetadataGenerator", "XmlMetadataGenerator\XmlMetadataGenerator.csproj", "{56263D91-89D5-4FCE-8AB4-59F7042BC811}"
EndProject
Project("{FAE04EC0-301F-11D3-BF4B-00C04F79EFBC}") = "XmlMetadataGeneratorTest", "XmlMetadataGeneratorTest\XmlMetadataGeneratorTest.csproj", "{03B05DF8-776B-4137-9F59-91175F815341}"
EndProject
Global
	GlobalSection(SolutionConfigurationPlatforms) = preSolution
		Debug|Any CPU = Debug|Any CPU
		Release|Any CPU = Release|Any CPU
	EndGlobalSection
	GlobalSection(ProjectConfigurationPlatforms) = postSolution
		{D3D0B2A1-D792-40DC-92CD-EF6FDBBEF04F}.Debug|Any CPU.ActiveCfg = Debug|Any CPU
		{D3D0B2A1-D792-40DC-92CD-EF6FDBBEF04F}.Debug|Any CPU.Build.0 = Debug|Any CPU
		{D3D0B2A1-D792-40DC-92CD-EF6FDBBEF04F}.Release|Any CPU.ActiveCfg = Release|Any CPU
		{D3D0B2A1-D792-40DC-92CD-EF6FDBBEF04F}.Release|Any CPU.Build.0 = Release|Any CPU
		{56263D91-89D5-4FCE-8AB4-59F7042BC811}.Debug|Any CPU.ActiveCfg = Debug|Any CPU
		{56263D91-89D5-4FCE-8AB4-59F7042BC811}.Debug|Any CPU.Build.0 = Debug|Any CPU
		{56263D91-89D5-4FCE-8AB4-59F7042BC811}.Release|Any CPU.ActiveCfg = Release|Any CPU
		{56263D91-89D5-4FCE-8AB4-59F7042BC811}.Release|Any CPU.Build.0 = Release|Any CPU
		{03B05DF8-776B-4137-9F59-91175F815341}.Debug|Any CPU.ActiveCfg = Debug|Any CPU
		{03B05DF8-776B-4137-9F59-91175F815341}.Debug|Any CPU.Build.0 = Debug|Any CPU
		{03B05DF8-776B-4137-9F59-91175F815341}.Release|Any CPU.ActiveCfg = Release|Any CPU
		{03B05DF8-776B-4137-9F59-91175F815341}.Release|Any CPU.Build.0 = Release|Any CPU
	EndGlobalSection
	GlobalSection(SolutionProperties) = preSolution
		HideSolutionNode = FALSE
	EndGlobalSection
	GlobalSection(ExtensibilityGlobals) = postSolution
		SolutionGuid = {7D4B936A-2CEF-4CE2-995A-4E543B352DD6}
	EndGlobalSection
EndGlobal
